{
    "_meta": {
        "hash": {
            "sha256": "e0da5460ffbe82685e57e0f1648b2c599dc0430041ad8bf146caac85337c0834"
        },
        "pipfile-spec": 6,
        "requires": {
            "python_version": "3.9"
        },
        "sources": [
            {
                "name": "pypi",
                "url": "https://pypi.org/simple",
                "verify_ssl": true
            }
        ]
    },
    "default": {
        "pillow": {
            "hashes": [
                "sha256:011233e0c42a4a7836498e98c1acf5e744c96a67dd5032a6f666cc1fb97eab97",
                "sha256:0f29d831e2151e0b7b39981756d201f7108d3d215896212ffe2e992d06bfe049",
                "sha256:12875d118f21cf35604176872447cdb57b07126750a33748bac15e77f90f1f9c",
                "sha256:14d4b1341ac07ae07eb2cc682f459bec932a380c3b122f5540432d8977e64eae",
                "sha256:1c3c33ac69cf059bbb9d1a71eeaba76781b450bc307e2291f8a4764d779a6b28",
                "sha256:1d19397351f73a88904ad1aee421e800fe4bbcd1aeee6435fb62d0a05ccd1030",
                "sha256:253e8a302a96df6927310a9d44e6103055e8fb96a6822f8b7f514bb7ef77de56",
                "sha256:2632d0f846b7c7600edf53c48f8f9f1e13e62f66a6dbc15191029d950bfed976",
                "sha256:335ace1a22325395c4ea88e00ba3dc89ca029bd66bd5a3c382d53e44f0ccd77e",
                "sha256:413ce0bbf9fc6278b2d63309dfeefe452835e1c78398efb431bab0672fe9274e",
                "sha256:5100b45a4638e3c00e4d2320d3193bdabb2d75e79793af7c3eb139e4f569f16f",
                "sha256:514ceac913076feefbeaf89771fd6febde78b0c4c1b23aaeab082c41c694e81b",
                "sha256:528a2a692c65dd5cafc130de286030af251d2ee0483a5bf50c9348aefe834e8a",
                "sha256:6295f6763749b89c994fcb6d8a7f7ce03c3992e695f89f00b741b4580b199b7e",
                "sha256:6c8bc8238a7dfdaf7a75f5ec5a663f4173f8c367e5a39f87e720495e1eed75fa",
                "sha256:718856856ba31f14f13ba885ff13874be7fefc53984d2832458f12c38205f7f7",
                "sha256:7f7609a718b177bf171ac93cea9fd2ddc0e03e84d8fa4e887bdfc39671d46b00",
                "sha256:80ca33961ced9c63358056bd08403ff866512038883e74f3a4bf88ad3eb66838",
                "sha256:80fe64a6deb6fcfdf7b8386f2cf216d329be6f2781f7d90304351811fb591360",
                "sha256:81c4b81611e3a3cb30e59b0cf05b888c675f97e3adb2c8672c3154047980726b",
                "sha256:855c583f268edde09474b081e3ddcd5cf3b20c12f26e0d434e1386cc5d318e7a",
                "sha256:9bfdb82cdfeccec50aad441afc332faf8606dfa5e8efd18a6692b5d6e79f00fd",
                "sha256:a5d24e1d674dd9d72c66ad3ea9131322819ff86250b30dc5821cbafcfa0b96b4",
                "sha256:a9f44cd7e162ac6191491d7249cceb02b8116b0f7e847ee33f739d7cb1ea1f70",
                "sha256:b5b3f092fe345c03bca1e0b687dfbb39364b21ebb8ba90e3fa707374b7915204",
                "sha256:b9618823bd237c0d2575283f2939655f54d51b4527ec3972907a927acbcc5bfc",
                "sha256:cef9c85ccbe9bee00909758936ea841ef12035296c748aaceee535969e27d31b",
                "sha256:d21237d0cd37acded35154e29aec853e945950321dd2ffd1a7d86fe686814669",
                "sha256:d3c5c79ab7dfce6d88f1ba639b77e77a17ea33a01b07b99840d6ed08031cb2a7",
                "sha256:d9d7942b624b04b895cb95af03a23407f17646815495ce4547f0e60e0b06f58e",
                "sha256:db6d9fac65bd08cea7f3540b899977c6dee9edad959fa4eaf305940d9cbd861c",
                "sha256:ede5af4a2702444a832a800b8eb7f0a7a1c0eed55b644642e049c98d589e5092",
                "sha256:effb7749713d5317478bb3acb3f81d9d7c7f86726d41c1facca068a04cf5bb4c",
                "sha256:f154d173286a5d1863637a7dcd8c3437bb557520b01bddb0be0258dcb72696b5",
                "sha256:f25ed6e28ddf50de7e7ea99d7a976d6a9c415f03adcaac9c41ff6ff41b6d86ac"
            ],
            "markers": "python_version >= '3.7'",
            "version": "==9.0.1"
        },
        "pystray": {
            "hashes": [
                "sha256:3266acfffd9ca1209df6e2d8518a3ef1427adbf4365b25316aae32af964e8831",
                "sha256:7014dd9955b6e80e6a51fe7e7e1b7f1e74b827f2d0a8c6105d88c17878332ecc",
                "sha256:71d5615c5e773cbe5b58e8ada0a192ae9f088a3765f65bc4159ef0a5679e0dc1"
            ],
            "index": "pypi",
            "version": "==0.19.3"
        },
        "six": {
            "hashes": [
                "sha256:1e61c37477a1626458e36f7b1d82aa5c9b094fa4802892072e49de9c60c4c926",
                "sha256:8abb2f1d86890a2dfb989f9a77cfcfd3e47c2a354b01111771326f8aa26e0254"
            ],
            "markers": "python_version >= '2.7' and python_version not in '3.0, 3.1, 3.2, 3.3'",
            "version": "==1.16.0"
        }
    },
    "develop": {
        "altgraph": {
            "hashes": [
                "sha256:743628f2ac6a7c26f5d9223c91ed8ecbba535f506f4b6f558885a8a56a105857",
                "sha256:ebf2269361b47d97b3b88e696439f6e4cbc607c17c51feb1754f90fb79839158"
            ],
            "version": "==0.17.2"
        },
        "future": {
            "hashes": [
                "sha256:b1bead90b70cf6ec3f0710ae53a525360fa360d306a86583adc6bf83a4db537d"
            ],
            "markers": "python_version >= '2.6' and python_version not in '3.0, 3.1, 3.2, 3.3'",
            "version": "==0.18.2"
        },
        "pefile": {
            "hashes": [
                "sha256:344a49e40a94e10849f0fe34dddc80f773a12b40675bf2f7be4b8be578bdd94a"
            ],
            "markers": "sys_platform == 'win32'",
            "version": "==2021.9.3"
        },
        "pyinstaller": {
            "hashes": [
                "sha256:05c21117b84199272ebd355b556af4714f6e79245e1c435d6f16653786d7d17e",
                "sha256:0dcaf6557cdb2da763c46e06e95a94a7634ab03fb09d91bc77988b01ee05c907",
                "sha256:15557cd1a79d182967f0a5040750e6902e13ebd6cab41e3ed84d7b28a306357b",
                "sha256:581620bdcd32f01e89b13231256b807bb090e7eadf40c81c864ec402afa4758a",
                "sha256:70c71e827f4b34602cbc7a0947a067b662c1cbdc4db51832e13b97cca3c54dd7",
                "sha256:714c4dcc319a41416744d1e30c6317405dfaed80d2adc45f8bfa70dc7367e664",
                "sha256:7749c868d2e2dc84df7d6f65437226183c8a366f3a99bb2737785625c3a3cca1",
                "sha256:7d94518ba1f8e9a8577345312276891ad7d6cd9785e453e9951b35647e2c7078",
                "sha256:cfed0b3a43e73550a43a094610328109564710b9514afa093ef7199d072cae87",
                "sha256:d4f79c0a774451f12baca4e476376418f011fa3039dde8fd172ea2aa8ff67bad",
                "sha256:f2166ff2cd95eefb0d377ae8d1071f186fa25edd410ede65b376162d5ec41909"
            ],
            "index": "pypi",
            "version": "==4.10"
        },
        "pyinstaller-hooks-contrib": {
            "hashes": [
                "sha256:9765e68552803327d58f6c5eca970bb245b7cdf073e2f912a2a3cb50360bc2d8",
                "sha256:9fa4ca03d058cba676c3cc16005076ce6a529f144c08b87c69998625fbd84e0a"
            ],
            "markers": "python_version >= '3.7'",
            "version": "==2022.3"
        },
        "pywin32-ctypes": {
            "hashes": [
                "sha256:24ffc3b341d457d48e8922352130cf2644024a4ff09762a2261fd34c36ee5942",
                "sha256:9dc2d991b3479cc2df15930958b674a48a227d5361d413827a4cfd0b5876fc98"
            ],
            "markers": "sys_platform == 'win32'",
            "version": "==0.2.0"
        }
    }
}
